// !$*UTF8*$!
{
	archiveVersion = 1;
	classes = {
	};
	objectVersion = 55;
	objects = {

/* Begin PBXBuildFile section */
		C38623F52785F8B2004ACA09 /* AppDelegate.swift in Sources */ = {isa = PBXBuildFile; fileRef = C38623F42785F8B2004ACA09 /* AppDelegate.swift */; };
		C38623F72785F8B2004ACA09 /* SceneDelegate.swift in Sources */ = {isa = PBXBuildFile; fileRef = C38623F62785F8B2004ACA09 /* SceneDelegate.swift */; };
		C38623F92785F8B2004ACA09 /* SignUppViewController.swift in Sources */ = {isa = PBXBuildFile; fileRef = C38623F82785F8B2004ACA09 /* SignUppViewController.swift */; };
		C38623FC2785F8B2004ACA09 /* Main.storyboard in Resources */ = {isa = PBXBuildFile; fileRef = C38623FA2785F8B2004ACA09 /* Main.storyboard */; };
		C38623FF2785F8B2004ACA09 /* chat.xcdatamodeld in Sources */ = {isa = PBXBuildFile; fileRef = C38623FD2785F8B2004ACA09 /* chat.xcdatamodeld */; };
		C38624012785F8B6004ACA09 /* Assets.xcassets in Resources */ = {isa = PBXBuildFile; fileRef = C38624002785F8B6004ACA09 /* Assets.xcassets */; };
		C38624042785F8B6004ACA09 /* LaunchScreen.storyboard in Resources */ = {isa = PBXBuildFile; fileRef = C38624022785F8B6004ACA09 /* LaunchScreen.storyboard */; };
		C386242C2785FB59004ACA09 /* MessageKit in Frameworks */ = {isa = PBXBuildFile; productRef = C386242B2785FB59004ACA09 /* MessageKit */; };
		C386242F2785FBCB004ACA09 /* JGProgressHUD in Frameworks */ = {isa = PBXBuildFile; productRef = C386242E2785FBCB004ACA09 /* JGProgressHUD */; };
		C38624322785FC22004ACA09 /* Realm in Frameworks */ = {isa = PBXBuildFile; productRef = C38624312785FC22004ACA09 /* Realm */; };
		C38624342785FC22004ACA09 /* RealmSwift in Frameworks */ = {isa = PBXBuildFile; productRef = C38624332785FC22004ACA09 /* RealmSwift */; };
		C38624372785FC96004ACA09 /* SDWebImage in Frameworks */ = {isa = PBXBuildFile; productRef = C38624362785FC96004ACA09 /* SDWebImage */; };
		C38624392785FC96004ACA09 /* SDWebImageMapKit in Frameworks */ = {isa = PBXBuildFile; productRef = C38624382785FC96004ACA09 /* SDWebImageMapKit */; };
		C386243E2785FD66004ACA09 /* burnt-toast-creative_16-5cd212882b759__880.jpg in Resources */ = {isa = PBXBuildFile; fileRef = C386243B2785FD65004ACA09 /* burnt-toast-creative_16-5cd212882b759__880.jpg */; };
		C386243F2785FD66004ACA09 /* ce9331ace9a49558e781da4c193e86b6.png.webp in Resources */ = {isa = PBXBuildFile; fileRef = C386243C2785FD65004ACA09 /* ce9331ace9a49558e781da4c193e86b6.png.webp */; };
		C38624402785FD66004ACA09 /* burnt-toast-illustration-freelance-hamilton-27g2S20.jpeg in Resources */ = {isa = PBXBuildFile; fileRef = C386243D2785FD66004ACA09 /* burnt-toast-illustration-freelance-hamilton-27g2S20.jpeg */; };
		C38624422785FFB9004ACA09 /* GoogleService-Info.plist in Resources */ = {isa = PBXBuildFile; fileRef = C38624412785FFB8004ACA09 /* GoogleService-Info.plist */; };
		C386244527860B59004ACA09 /* LoginViewController.swift in Sources */ = {isa = PBXBuildFile; fileRef = C386244427860B59004ACA09 /* LoginViewController.swift */; };
		C3AA871827870B2B0041C300 /* ProfileViewController.swift in Sources */ = {isa = PBXBuildFile; fileRef = C3AA871727870B2B0041C300 /* ProfileViewController.swift */; };
		C3AA8721278723AF0041C300 /* MessageViewController.swift in Sources */ = {isa = PBXBuildFile; fileRef = C3AA8720278723AF0041C300 /* MessageViewController.swift */; };
		C3AA8723278726680041C300 /* NewMessageViewController.swift in Sources */ = {isa = PBXBuildFile; fileRef = C3AA8722278726680041C300 /* NewMessageViewController.swift */; };
		C3AA87292787303A0041C300 /* unnamed.jpg in Resources */ = {isa = PBXBuildFile; fileRef = C3AA8728278730390041C300 /* unnamed.jpg */; };
		C3AA872C278877C60041C300 /* GTMSessionFetcher in Frameworks */ = {isa = PBXBuildFile; productRef = C3AA872B278877C60041C300 /* GTMSessionFetcher */; };
		C3AA872E278877C60041C300 /* GTMSessionFetcherCore in Frameworks */ = {isa = PBXBuildFile; productRef = C3AA872D278877C60041C300 /* GTMSessionFetcherCore */; };
		C3AA8730278877C60041C300 /* GTMSessionFetcherFull in Frameworks */ = {isa = PBXBuildFile; productRef = C3AA872F278877C60041C300 /* GTMSessionFetcherFull */; };
		C3AA8732278877C60041C300 /* GTMSessionFetcherLogView in Frameworks */ = {isa = PBXBuildFile; productRef = C3AA8731278877C60041C300 /* GTMSessionFetcherLogView */; };
		C3AA8734278887490041C300 /* HomeViewController.swift in Sources */ = {isa = PBXBuildFile; fileRef = C3AA8733278887490041C300 /* HomeViewController.swift */; };
		C3AA87372788C4F90041C300 /* FirebaseAnalytics in Frameworks */ = {isa = PBXBuildFile; productRef = C3AA87362788C4F90041C300 /* FirebaseAnalytics */; };
		C3AA87392788C4F90041C300 /* FirebaseAnalyticsSwift-Beta in Frameworks */ = {isa = PBXBuildFile; productRef = C3AA87382788C4F90041C300 /* FirebaseAnalyticsSwift-Beta */; };
		C3AA873B2788C4F90041C300 /* FirebaseAnalyticsWithoutAdIdSupport in Frameworks */ = {isa = PBXBuildFile; productRef = C3AA873A2788C4F90041C300 /* FirebaseAnalyticsWithoutAdIdSupport */; };
		C3AA873D2788C4F90041C300 /* FirebaseAppCheck in Frameworks */ = {isa = PBXBuildFile; productRef = C3AA873C2788C4F90041C300 /* FirebaseAppCheck */; };
		C3AA873F2788C4F90041C300 /* FirebaseAppDistribution-Beta in Frameworks */ = {isa = PBXBuildFile; productRef = C3AA873E2788C4F90041C300 /* FirebaseAppDistribution-Beta */; };
		C3AA87412788C4F90041C300 /* FirebaseAuth in Frameworks */ = {isa = PBXBuildFile; productRef = C3AA87402788C4F90041C300 /* FirebaseAuth */; };
		C3AA87432788C4F90041C300 /* FirebaseAuthCombine-Community in Frameworks */ = {isa = PBXBuildFile; productRef = C3AA87422788C4F90041C300 /* FirebaseAuthCombine-Community */; };
		C3AA87452788C4F90041C300 /* FirebaseCrashlytics in Frameworks */ = {isa = PBXBuildFile; productRef = C3AA87442788C4F90041C300 /* FirebaseCrashlytics */; };
		C3AA87472788C4F90041C300 /* FirebaseDatabase in Frameworks */ = {isa = PBXBuildFile; productRef = C3AA87462788C4F90041C300 /* FirebaseDatabase */; };
		C3AA87492788C4F90041C300 /* FirebaseDatabaseSwift-Beta in Frameworks */ = {isa = PBXBuildFile; productRef = C3AA87482788C4F90041C300 /* FirebaseDatabaseSwift-Beta */; };
		C3AA874B2788C4F90041C300 /* FirebaseDynamicLinks in Frameworks */ = {isa = PBXBuildFile; productRef = C3AA874A2788C4F90041C300 /* FirebaseDynamicLinks */; };
		C3AA874D2788C4F90041C300 /* FirebaseFirestore in Frameworks */ = {isa = PBXBuildFile; productRef = C3AA874C2788C4F90041C300 /* FirebaseFirestore */; };
		C3AA874F2788C4F90041C300 /* FirebaseFirestoreCombine-Community in Frameworks */ = {isa = PBXBuildFile; productRef = C3AA874E2788C4F90041C300 /* FirebaseFirestoreCombine-Community */; };
		C3AA87512788C4F90041C300 /* FirebaseFirestoreSwift-Beta in Frameworks */ = {isa = PBXBuildFile; productRef = C3AA87502788C4F90041C300 /* FirebaseFirestoreSwift-Beta */; };
		C3AA87532788C4F90041C300 /* FirebaseFunctions in Frameworks */ = {isa = PBXBuildFile; productRef = C3AA87522788C4F90041C300 /* FirebaseFunctions */; };
		C3AA87552788C4F90041C300 /* FirebaseFunctionsCombine-Community in Frameworks */ = {isa = PBXBuildFile; productRef = C3AA87542788C4F90041C300 /* FirebaseFunctionsCombine-Community */; };
		C3AA87572788C4F90041C300 /* FirebaseFunctionsSwift-Beta in Frameworks */ = {isa = PBXBuildFile; productRef = C3AA87562788C4F90041C300 /* FirebaseFunctionsSwift-Beta */; };
		C3AA87592788C4F90041C300 /* FirebaseInAppMessaging-Beta in Frameworks */ = {isa = PBXBuildFile; productRef = C3AA87582788C4F90041C300 /* FirebaseInAppMessaging-Beta */; };
		C3AA875B2788C4F90041C300 /* FirebaseInAppMessagingSwift-Beta in Frameworks */ = {isa = PBXBuildFile; productRef = C3AA875A2788C4F90041C300 /* FirebaseInAppMessagingSwift-Beta */; };
		C3AA875D2788C4F90041C300 /* FirebaseInstallations in Frameworks */ = {isa = PBXBuildFile; productRef = C3AA875C2788C4F90041C300 /* FirebaseInstallations */; };
		C3AA875F2788C4F90041C300 /* FirebaseMLModelDownloader in Frameworks */ = {isa = PBXBuildFile; productRef = C3AA875E2788C4F90041C300 /* FirebaseMLModelDownloader */; };
		C3AA87612788C4F90041C300 /* FirebaseMessaging in Frameworks */ = {isa = PBXBuildFile; productRef = C3AA87602788C4F90041C300 /* FirebaseMessaging */; };
		C3AA87632788C4F90041C300 /* FirebasePerformance in Frameworks */ = {isa = PBXBuildFile; productRef = C3AA87622788C4F90041C300 /* FirebasePerformance */; };
		C3AA87652788C4F90041C300 /* FirebaseRemoteConfig in Frameworks */ = {isa = PBXBuildFile; productRef = C3AA87642788C4F90041C300 /* FirebaseRemoteConfig */; };
		C3AA87672788C4F90041C300 /* FirebaseStorage in Frameworks */ = {isa = PBXBuildFile; productRef = C3AA87662788C4F90041C300 /* FirebaseStorage */; };
		C3AA87692788C4F90041C300 /* FirebaseStorageCombine-Community in Frameworks */ = {isa = PBXBuildFile; productRef = C3AA87682788C4F90041C300 /* FirebaseStorageCombine-Community */; };
		C3AA876B2788C4F90041C300 /* FirebaseStorageSwift-Beta in Frameworks */ = {isa = PBXBuildFile; productRef = C3AA876A2788C4F90041C300 /* FirebaseStorageSwift-Beta */; };
		C3AA87702789A79D0041C300 /* google copy.png in Resources */ = {isa = PBXBuildFile; fileRef = C3AA876F2789A79C0041C300 /* google copy.png */; };
		C3AA87722789B0410041C300 /* StorageManager.swift in Sources */ = {isa = PBXBuildFile; fileRef = C3AA87712789B0410041C300 /* StorageManager.swift */; };
		C3AA87752789B42F0041C300 /* ProgressHUD in Frameworks */ = {isa = PBXBuildFile; productRef = C3AA87742789B42F0041C300 /* ProgressHUD */; };
		C3AA877F2789F27F0041C300 /* Extensions.swift in Sources */ = {isa = PBXBuildFile; fileRef = C3AA877E2789F27F0041C300 /* Extensions.swift */; };
		C3AA87812789F75A0041C300 /* ChatViewController.swift in Sources */ = {isa = PBXBuildFile; fileRef = C3AA87802789F75A0041C300 /* ChatViewController.swift */; };
		C3AA87832789FB470041C300 /* MessageCell.xib in Resources */ = {isa = PBXBuildFile; fileRef = C3AA87822789FB470041C300 /* MessageCell.xib */; };
		C3AA8785278A00EE0041C300 /* MessageCell.swift in Sources */ = {isa = PBXBuildFile; fileRef = C3AA8784278A00EE0041C300 /* MessageCell.swift */; };
		C3AA8787278A146D0041C300 /* DatabaseManager.swift in Sources */ = {isa = PBXBuildFile; fileRef = C3AA8786278A146D0041C300 /* DatabaseManager.swift */; };
/* End PBXBuildFile section */

/* Begin PBXFileReference section */
		C38623F12785F8B2004ACA09 /* chat.app */ = {isa = PBXFileReference; explicitFileType = wrapper.application; includeInIndex = 0; path = chat.app; sourceTree = BUILT_PRODUCTS_DIR; };
		C38623F42785F8B2004ACA09 /* AppDelegate.swift */ = {isa = PBXFileReference; lastKnownFileType = sourcecode.swift; path = AppDelegate.swift; sourceTree = "<group>"; };
		C38623F62785F8B2004ACA09 /* SceneDelegate.swift */ = {isa = PBXFileReference; lastKnownFileType = sourcecode.swift; path = SceneDelegate.swift; sourceTree = "<group>"; };
		C38623F82785F8B2004ACA09 /* SignUppViewController.swift */ = {isa = PBXFileReference; lastKnownFileType = sourcecode.swift; path = SignUppViewController.swift; sourceTree = "<group>"; };
		C38623FB2785F8B2004ACA09 /* Base */ = {isa = PBXFileReference; lastKnownFileType = file.storyboard; name = Base; path = Base.lproj/Main.storyboard; sourceTree = "<group>"; };
		C38623FE2785F8B2004ACA09 /* chat.xcdatamodel */ = {isa = PBXFileReference; lastKnownFileType = wrapper.xcdatamodel; path = chat.xcdatamodel; sourceTree = "<group>"; };
		C38624002785F8B6004ACA09 /* Assets.xcassets */ = {isa = PBXFileReference; lastKnownFileType = folder.assetcatalog; path = Assets.xcassets; sourceTree = "<group>"; };
		C38624032785F8B6004ACA09 /* Base */ = {isa = PBXFileReference; lastKnownFileType = file.storyboard; name = Base; path = Base.lproj/LaunchScreen.storyboard; sourceTree = "<group>"; };
		C38624052785F8B6004ACA09 /* Info.plist */ = {isa = PBXFileReference; lastKnownFileType = text.plist.xml; path = Info.plist; sourceTree = "<group>"; };
		C386243B2785FD65004ACA09 /* burnt-toast-creative_16-5cd212882b759__880.jpg */ = {isa = PBXFileReference; lastKnownFileType = image.jpeg; name = "burnt-toast-creative_16-5cd212882b759__880.jpg"; path = "../../../burnt-toast-creative_16-5cd212882b759__880.jpg"; sourceTree = "<group>"; };
		C386243C2785FD65004ACA09 /* ce9331ace9a49558e781da4c193e86b6.png.webp */ = {isa = PBXFileReference; lastKnownFileType = file; name = ce9331ace9a49558e781da4c193e86b6.png.webp; path = ../../../ce9331ace9a49558e781da4c193e86b6.png.webp; sourceTree = "<group>"; };
		C386243D2785FD66004ACA09 /* burnt-toast-illustration-freelance-hamilton-27g2S20.jpeg */ = {isa = PBXFileReference; lastKnownFileType = image.jpeg; name = "burnt-toast-illustration-freelance-hamilton-27g2S20.jpeg"; path = "../../../burnt-toast-illustration-freelance-hamilton-27g2S20.jpeg"; sourceTree = "<group>"; };
		C38624412785FFB8004ACA09 /* GoogleService-Info.plist */ = {isa = PBXFileReference; fileEncoding = 4; lastKnownFileType = text.plist.xml; name = "GoogleService-Info.plist"; path = "../../GoogleService-Info.plist"; sourceTree = "<group>"; };
		C386244327860774004ACA09 /* chat.entitlements */ = {isa = PBXFileReference; lastKnownFileType = text.plist.entitlements; path = chat.entitlements; sourceTree = "<group>"; };
		C386244427860B59004ACA09 /* LoginViewController.swift */ = {isa = PBXFileReference; lastKnownFileType = sourcecode.swift; path = LoginViewController.swift; sourceTree = "<group>"; };
		C3AA871727870B2B0041C300 /* ProfileViewController.swift */ = {isa = PBXFileReference; lastKnownFileType = sourcecode.swift; path = ProfileViewController.swift; sourceTree = "<group>"; };
		C3AA8720278723AF0041C300 /* MessageViewController.swift */ = {isa = PBXFileReference; lastKnownFileType = sourcecode.swift; path = MessageViewController.swift; sourceTree = "<group>"; };
		C3AA8722278726680041C300 /* NewMessageViewController.swift */ = {isa = PBXFileReference; lastKnownFileType = sourcecode.swift; path = NewMessageViewController.swift; sourceTree = "<group>"; };
		C3AA8728278730390041C300 /* unnamed.jpg */ = {isa = PBXFileReference; lastKnownFileType = image.jpeg; name = unnamed.jpg; path = ../../../unnamed.jpg; sourceTree = "<group>"; };
		C3AA8733278887490041C300 /* HomeViewController.swift */ = {isa = PBXFileReference; lastKnownFileType = sourcecode.swift; path = HomeViewController.swift; sourceTree = "<group>"; };
		C3AA876F2789A79C0041C300 /* google copy.png */ = {isa = PBXFileReference; lastKnownFileType = image.png; name = "google copy.png"; path = "../../../google copy.png"; sourceTree = "<group>"; };
		C3AA87712789B0410041C300 /* StorageManager.swift */ = {isa = PBXFileReference; lastKnownFileType = sourcecode.swift; path = StorageManager.swift; sourceTree = "<group>"; };
		C3AA877E2789F27F0041C300 /* Extensions.swift */ = {isa = PBXFileReference; lastKnownFileType = sourcecode.swift; path = Extensions.swift; sourceTree = "<group>"; };
		C3AA87802789F75A0041C300 /* ChatViewController.swift */ = {isa = PBXFileReference; lastKnownFileType = sourcecode.swift; path = ChatViewController.swift; sourceTree = "<group>"; };
		C3AA87822789FB470041C300 /* MessageCell.xib */ = {isa = PBXFileReference; lastKnownFileType = file.xib; path = MessageCell.xib; sourceTree = "<group>"; };
		C3AA8784278A00EE0041C300 /* MessageCell.swift */ = {isa = PBXFileReference; lastKnownFileType = sourcecode.swift; path = MessageCell.swift; sourceTree = "<group>"; };
		C3AA8786278A146D0041C300 /* DatabaseManager.swift */ = {isa = PBXFileReference; lastKnownFileType = sourcecode.swift; path = DatabaseManager.swift; sourceTree = "<group>"; };
		C3AA8789278A601A0041C300 /* GoogleService-Info.plist */ = {isa = PBXFileReference; lastKnownFileType = text.plist.xml; path = "GoogleService-Info.plist"; sourceTree = "<group>"; };
/* End PBXFileReference section */

/* Begin PBXFrameworksBuildPhase section */
		C38623EE2785F8B2004ACA09 /* Frameworks */ = {
			isa = PBXFrameworksBuildPhase;
			buildActionMask = 2147483647;
			files = (
				C3AA875F2788C4F90041C300 /* FirebaseMLModelDownloader in Frameworks */,
				C3AA873B2788C4F90041C300 /* FirebaseAnalyticsWithoutAdIdSupport in Frameworks */,
				C3AA876B2788C4F90041C300 /* FirebaseStorageSwift-Beta in Frameworks */,
				C3AA87752789B42F0041C300 /* ProgressHUD in Frameworks */,
				C38624342785FC22004ACA09 /* RealmSwift in Frameworks */,
				C3AA873F2788C4F90041C300 /* FirebaseAppDistribution-Beta in Frameworks */,
				C3AA87432788C4F90041C300 /* FirebaseAuthCombine-Community in Frameworks */,
				C3AA8732278877C60041C300 /* GTMSessionFetcherLogView in Frameworks */,
				C3AA874B2788C4F90041C300 /* FirebaseDynamicLinks in Frameworks */,
				C38624322785FC22004ACA09 /* Realm in Frameworks */,
				C3AA873D2788C4F90041C300 /* FirebaseAppCheck in Frameworks */,
				C3AA872E278877C60041C300 /* GTMSessionFetcherCore in Frameworks */,
				C3AA875D2788C4F90041C300 /* FirebaseInstallations in Frameworks */,
				C3AA87632788C4F90041C300 /* FirebasePerformance in Frameworks */,
				C3AA874D2788C4F90041C300 /* FirebaseFirestore in Frameworks */,
				C3AA87572788C4F90041C300 /* FirebaseFunctionsSwift-Beta in Frameworks */,
				C386242C2785FB59004ACA09 /* MessageKit in Frameworks */,
				C38624372785FC96004ACA09 /* SDWebImage in Frameworks */,
				C3AA87492788C4F90041C300 /* FirebaseDatabaseSwift-Beta in Frameworks */,
				C3AA87612788C4F90041C300 /* FirebaseMessaging in Frameworks */,
				C3AA87672788C4F90041C300 /* FirebaseStorage in Frameworks */,
				C3AA87392788C4F90041C300 /* FirebaseAnalyticsSwift-Beta in Frameworks */,
				C3AA87592788C4F90041C300 /* FirebaseInAppMessaging-Beta in Frameworks */,
				C3AA874F2788C4F90041C300 /* FirebaseFirestoreCombine-Community in Frameworks */,
				C3AA87652788C4F90041C300 /* FirebaseRemoteConfig in Frameworks */,
				C3AA87372788C4F90041C300 /* FirebaseAnalytics in Frameworks */,
				C3AA872C278877C60041C300 /* GTMSessionFetcher in Frameworks */,
				C3AA87532788C4F90041C300 /* FirebaseFunctions in Frameworks */,
				C3AA875B2788C4F90041C300 /* FirebaseInAppMessagingSwift-Beta in Frameworks */,
				C386242F2785FBCB004ACA09 /* JGProgressHUD in Frameworks */,
				C3AA8730278877C60041C300 /* GTMSessionFetcherFull in Frameworks */,
				C3AA87452788C4F90041C300 /* FirebaseCrashlytics in Frameworks */,
				C3AA87552788C4F90041C300 /* FirebaseFunctionsCombine-Community in Frameworks */,
				C3AA87472788C4F90041C300 /* FirebaseDatabase in Frameworks */,
				C3AA87512788C4F90041C300 /* FirebaseFirestoreSwift-Beta in Frameworks */,
				C38624392785FC96004ACA09 /* SDWebImageMapKit in Frameworks */,
				C3AA87692788C4F90041C300 /* FirebaseStorageCombine-Community in Frameworks */,
				C3AA87412788C4F90041C300 /* FirebaseAuth in Frameworks */,
			);
			runOnlyForDeploymentPostprocessing = 0;
		};
/* End PBXFrameworksBuildPhase section */

/* Begin PBXGroup section */
		C38623E82785F8B2004ACA09 = {
			isa = PBXGroup;
			children = (
				C38623F32785F8B2004ACA09 /* chat */,
				C38623F22785F8B2004ACA09 /* Products */,
				C3AA876C2789A46C0041C300 /* Frameworks */,
			);
			sourceTree = "<group>";
		};
		C38623F22785F8B2004ACA09 /* Products */ = {
			isa = PBXGroup;
			children = (
				C38623F12785F8B2004ACA09 /* chat.app */,
			);
			name = Products;
			sourceTree = "<group>";
		};
		C38623F32785F8B2004ACA09 /* chat */ = {
			isa = PBXGroup;
			children = (
				C3AA8788278A5FF50041C300 /* Model */,
				C386244327860774004ACA09 /* chat.entitlements */,
				C3AA871F2787215E0041C300 /* Resources */,
				C3AA871C2787212F0041C300 /* Views */,
				C386243A2785FD53004ACA09 /* img */,
				C3AA871B278710EE0041C300 /* Controllers */,
				C38624052785F8B6004ACA09 /* Info.plist */,
				C38623FD2785F8B2004ACA09 /* chat.xcdatamodeld */,
				C38624412785FFB8004ACA09 /* GoogleService-Info.plist */,
			);
			path = chat;
			sourceTree = "<group>";
		};
		C386243A2785FD53004ACA09 /* img */ = {
			isa = PBXGroup;
			children = (
				C3AA876F2789A79C0041C300 /* google copy.png */,
				C3AA8728278730390041C300 /* unnamed.jpg */,
				C386243B2785FD65004ACA09 /* burnt-toast-creative_16-5cd212882b759__880.jpg */,
				C386243D2785FD66004ACA09 /* burnt-toast-illustration-freelance-hamilton-27g2S20.jpeg */,
				C386243C2785FD65004ACA09 /* ce9331ace9a49558e781da4c193e86b6.png.webp */,
			);
			path = img;
			sourceTree = "<group>";
		};
		C3AA871B278710EE0041C300 /* Controllers */ = {
			isa = PBXGroup;
			children = (
				C38623F82785F8B2004ACA09 /* SignUppViewController.swift */,
				C386244427860B59004ACA09 /* LoginViewController.swift */,
				C3AA871727870B2B0041C300 /* ProfileViewController.swift */,
				C3AA8720278723AF0041C300 /* MessageViewController.swift */,
				C3AA8722278726680041C300 /* NewMessageViewController.swift */,
				C3AA8733278887490041C300 /* HomeViewController.swift */,
				C3AA87802789F75A0041C300 /* ChatViewController.swift */,
			);
			path = Controllers;
			sourceTree = "<group>";
		};
		C3AA871C2787212F0041C300 /* Views */ = {
			isa = PBXGroup;
			children = (
				C38623FA2785F8B2004ACA09 /* Main.storyboard */,
				C38624002785F8B6004ACA09 /* Assets.xcassets */,
				C38624022785F8B6004ACA09 /* LaunchScreen.storyboard */,
				C3AA87822789FB470041C300 /* MessageCell.xib */,
				C3AA8784278A00EE0041C300 /* MessageCell.swift */,
			);
			path = Views;
			sourceTree = "<group>";
		};
		C3AA871F2787215E0041C300 /* Resources */ = {
			isa = PBXGroup;
			children = (
				C38623F42785F8B2004ACA09 /* AppDelegate.swift */,
				C38623F62785F8B2004ACA09 /* SceneDelegate.swift */,
				C3AA877E2789F27F0041C300 /* Extensions.swift */,
				C3AA87712789B0410041C300 /* StorageManager.swift */,
				C3AA8786278A146D0041C300 /* DatabaseManager.swift */,
			);
			path = Resources;
			sourceTree = "<group>";
		};
		C3AA876C2789A46C0041C300 /* Frameworks */ = {
			isa = PBXGroup;
			children = (
			);
			name = Frameworks;
			sourceTree = "<group>";
		};
		C3AA8788278A5FF50041C300 /* Model */ = {
			isa = PBXGroup;
			children = (
				C3AA8789278A601A0041C300 /* GoogleService-Info.plist */,
			);
			path = Model;
			sourceTree = "<group>";
		};
/* End PBXGroup section */

/* Begin PBXNativeTarget section */
		C38623F02785F8B2004ACA09 /* chat */ = {
			isa = PBXNativeTarget;
			buildConfigurationList = C38624082785F8B6004ACA09 /* Build configuration list for PBXNativeTarget "chat" */;
			buildPhases = (
				C38623ED2785F8B2004ACA09 /* Sources */,
				C38623EE2785F8B2004ACA09 /* Frameworks */,
				C38623EF2785F8B2004ACA09 /* Resources */,
			);
			buildRules = (
			);
			dependencies = (
			);
			name = chat;
			packageProductDependencies = (
				C386242B2785FB59004ACA09 /* MessageKit */,
				C386242E2785FBCB004ACA09 /* JGProgressHUD */,
				C38624312785FC22004ACA09 /* Realm */,
				C38624332785FC22004ACA09 /* RealmSwift */,
				C38624362785FC96004ACA09 /* SDWebImage */,
				C38624382785FC96004ACA09 /* SDWebImageMapKit */,
				C3AA872B278877C60041C300 /* GTMSessionFetcher */,
				C3AA872D278877C60041C300 /* GTMSessionFetcherCore */,
				C3AA872F278877C60041C300 /* GTMSessionFetcherFull */,
				C3AA8731278877C60041C300 /* GTMSessionFetcherLogView */,
				C3AA87362788C4F90041C300 /* FirebaseAnalytics */,
				C3AA87382788C4F90041C300 /* FirebaseAnalyticsSwift-Beta */,
				C3AA873A2788C4F90041C300 /* FirebaseAnalyticsWithoutAdIdSupport */,
				C3AA873C2788C4F90041C300 /* FirebaseAppCheck */,
				C3AA873E2788C4F90041C300 /* FirebaseAppDistribution-Beta */,
				C3AA87402788C4F90041C300 /* FirebaseAuth */,
				C3AA87422788C4F90041C300 /* FirebaseAuthCombine-Community */,
				C3AA87442788C4F90041C300 /* FirebaseCrashlytics */,
				C3AA87462788C4F90041C300 /* FirebaseDatabase */,
				C3AA87482788C4F90041C300 /* FirebaseDatabaseSwift-Beta */,
				C3AA874A2788C4F90041C300 /* FirebaseDynamicLinks */,
				C3AA874C2788C4F90041C300 /* FirebaseFirestore */,
				C3AA874E2788C4F90041C300 /* FirebaseFirestoreCombine-Community */,
				C3AA87502788C4F90041C300 /* FirebaseFirestoreSwift-Beta */,
				C3AA87522788C4F90041C300 /* FirebaseFunctions */,
				C3AA87542788C4F90041C300 /* FirebaseFunctionsCombine-Community */,
				C3AA87562788C4F90041C300 /* FirebaseFunctionsSwift-Beta */,
				C3AA87582788C4F90041C300 /* FirebaseInAppMessaging-Beta */,
				C3AA875A2788C4F90041C300 /* FirebaseInAppMessagingSwift-Beta */,
				C3AA875C2788C4F90041C300 /* FirebaseInstallations */,
				C3AA875E2788C4F90041C300 /* FirebaseMLModelDownloader */,
				C3AA87602788C4F90041C300 /* FirebaseMessaging */,
				C3AA87622788C4F90041C300 /* FirebasePerformance */,
				C3AA87642788C4F90041C300 /* FirebaseRemoteConfig */,
				C3AA87662788C4F90041C300 /* FirebaseStorage */,
				C3AA87682788C4F90041C300 /* FirebaseStorageCombine-Community */,
				C3AA876A2788C4F90041C300 /* FirebaseStorageSwift-Beta */,
				C3AA87742789B42F0041C300 /* ProgressHUD */,
			);
			productName = chat;
			productReference = C38623F12785F8B2004ACA09 /* chat.app */;
			productType = "com.apple.product-type.application";
		};
/* End PBXNativeTarget section */

/* Begin PBXProject section */
		C38623E92785F8B2004ACA09 /* Project object */ = {
			isa = PBXProject;
			attributes = {
				BuildIndependentTargetsInParallel = 1;
				LastSwiftUpdateCheck = 1320;
				LastUpgradeCheck = 1320;
				TargetAttributes = {
					C38623F02785F8B2004ACA09 = {
						CreatedOnToolsVersion = 13.2.1;
					};
				};
			};
			buildConfigurationList = C38623EC2785F8B2004ACA09 /* Build configuration list for PBXProject "chat" */;
			compatibilityVersion = "Xcode 13.0";
			developmentRegion = en;
			hasScannedForEncodings = 0;
			knownRegions = (
				en,
				Base,
			);
			mainGroup = C38623E82785F8B2004ACA09;
			packageReferences = (
				C386242A2785FB59004ACA09 /* XCRemoteSwiftPackageReference "MessageKit" */,
				C386242D2785FBCA004ACA09 /* XCRemoteSwiftPackageReference "JGProgressHUD" */,
				C38624302785FC22004ACA09 /* XCRemoteSwiftPackageReference "realm-swift" */,
				C38624352785FC96004ACA09 /* XCRemoteSwiftPackageReference "SDWebImage" */,
				C3AA872A278877C60041C300 /* XCRemoteSwiftPackageReference "gtm-session-fetcher" */,
				C3AA87352788C4F90041C300 /* XCRemoteSwiftPackageReference "firebase-ios-sdk" */,
				C3AA87732789B42E0041C300 /* XCRemoteSwiftPackageReference "ProgressHUD" */,
			);
			productRefGroup = C38623F22785F8B2004ACA09 /* Products */;
			projectDirPath = "";
			projectRoot = "";
			targets = (
				C38623F02785F8B2004ACA09 /* chat */,
			);
		};
/* End PBXProject section */

/* Begin PBXResourcesBuildPhase section */
		C38623EF2785F8B2004ACA09 /* Resources */ = {
			isa = PBXResourcesBuildPhase;
			buildActionMask = 2147483647;
			files = (
				C38624042785F8B6004ACA09 /* LaunchScreen.storyboard in Resources */,
				C38624402785FD66004ACA09 /* burnt-toast-illustration-freelance-hamilton-27g2S20.jpeg in Resources */,
				C3AA87292787303A0041C300 /* unnamed.jpg in Resources */,
				C3AA87702789A79D0041C300 /* google copy.png in Resources */,
				C38624012785F8B6004ACA09 /* Assets.xcassets in Resources */,
				C3AA87832789FB470041C300 /* MessageCell.xib in Resources */,
				C386243F2785FD66004ACA09 /* ce9331ace9a49558e781da4c193e86b6.png.webp in Resources */,
				C38623FC2785F8B2004ACA09 /* Main.storyboard in Resources */,
				C386243E2785FD66004ACA09 /* burnt-toast-creative_16-5cd212882b759__880.jpg in Resources */,
				C38624422785FFB9004ACA09 /* GoogleService-Info.plist in Resources */,
			);
			runOnlyForDeploymentPostprocessing = 0;
		};
/* End PBXResourcesBuildPhase section */

/* Begin PBXSourcesBuildPhase section */
		C38623ED2785F8B2004ACA09 /* Sources */ = {
			isa = PBXSourcesBuildPhase;
			buildActionMask = 2147483647;
			files = (
				C38623F92785F8B2004ACA09 /* SignUppViewController.swift in Sources */,
				C38623FF2785F8B2004ACA09 /* chat.xcdatamodeld in Sources */,
				C3AA8721278723AF0041C300 /* MessageViewController.swift in Sources */,
				C38623F52785F8B2004ACA09 /* AppDelegate.swift in Sources */,
				C386244527860B59004ACA09 /* LoginViewController.swift in Sources */,
				C3AA87722789B0410041C300 /* StorageManager.swift in Sources */,
				C3AA8787278A146D0041C300 /* DatabaseManager.swift in Sources */,
				C38623F72785F8B2004ACA09 /* SceneDelegate.swift in Sources */,
				C3AA8734278887490041C300 /* HomeViewController.swift in Sources */,
				C3AA871827870B2B0041C300 /* ProfileViewController.swift in Sources */,
				C3AA87812789F75A0041C300 /* ChatViewController.swift in Sources */,
				C3AA8723278726680041C300 /* NewMessageViewController.swift in Sources */,
				C3AA877F2789F27F0041C300 /* Extensions.swift in Sources */,
				C3AA8785278A00EE0041C300 /* MessageCell.swift in Sources */,
			);
			runOnlyForDeploymentPostprocessing = 0;
		};
/* End PBXSourcesBuildPhase section */

/* Begin PBXVariantGroup section */
		C38623FA2785F8B2004ACA09 /* Main.storyboard */ = {
			isa = PBXVariantGroup;
			children = (
				C38623FB2785F8B2004ACA09 /* Base */,
			);
			name = Main.storyboard;
			sourceTree = "<group>";
		};
		C38624022785F8B6004ACA09 /* LaunchScreen.storyboard */ = {
			isa = PBXVariantGroup;
			children = (
				C38624032785F8B6004ACA09 /* Base */,
			);
			name = LaunchScreen.storyboard;
			sourceTree = "<group>";
		};
/* End PBXVariantGroup section */

/* Begin XCBuildConfiguration section */
		C38624062785F8B6004ACA09 /* Debug */ = {
			isa = XCBuildConfiguration;
			buildSettings = {
				ALWAYS_SEARCH_USER_PATHS = NO;
				CLANG_ANALYZER_NONNULL = YES;
				CLANG_ANALYZER_NUMBER_OBJECT_CONVERSION = YES_AGGRESSIVE;
				CLANG_CXX_LANGUAGE_STANDARD = "gnu++17";
				CLANG_CXX_LIBRARY = "libc++";
				CLANG_ENABLE_MODULES = YES;
				CLANG_ENABLE_OBJC_ARC = YES;
				CLANG_ENABLE_OBJC_WEAK = YES;
				CLANG_WARN_BLOCK_CAPTURE_AUTORELEASING = YES;
				CLANG_WARN_BOOL_CONVERSION = YES;
				CLANG_WARN_COMMA = YES;
				CLANG_WARN_CONSTANT_CONVERSION = YES;
				CLANG_WARN_DEPRECATED_OBJC_IMPLEMENTATIONS = YES;
				CLANG_WARN_DIRECT_OBJC_ISA_USAGE = YES_ERROR;
				CLANG_WARN_DOCUMENTATION_COMMENTS = YES;
				CLANG_WARN_EMPTY_BODY = YES;
				CLANG_WARN_ENUM_CONVERSION = YES;
				CLANG_WARN_INFINITE_RECURSION = YES;
				CLANG_WARN_INT_CONVERSION = YES;
				CLANG_WARN_NON_LITERAL_NULL_CONVERSION = YES;
				CLANG_WARN_OBJC_IMPLICIT_RETAIN_SELF = YES;
				CLANG_WARN_OBJC_LITERAL_CONVERSION = YES;
				CLANG_WARN_OBJC_ROOT_CLASS = YES_ERROR;
				CLANG_WARN_QUOTED_INCLUDE_IN_FRAMEWORK_HEADER = YES;
				CLANG_WARN_RANGE_LOOP_ANALYSIS = YES;
				CLANG_WARN_STRICT_PROTOTYPES = YES;
				CLANG_WARN_SUSPICIOUS_MOVE = YES;
				CLANG_WARN_UNGUARDED_AVAILABILITY = YES_AGGRESSIVE;
				CLANG_WARN_UNREACHABLE_CODE = YES;
				CLANG_WARN__DUPLICATE_METHOD_MATCH = YES;
				COPY_PHASE_STRIP = NO;
				DEBUG_INFORMATION_FORMAT = dwarf;
				ENABLE_STRICT_OBJC_MSGSEND = YES;
				ENABLE_TESTABILITY = YES;
				GCC_C_LANGUAGE_STANDARD = gnu11;
				GCC_DYNAMIC_NO_PIC = NO;
				GCC_NO_COMMON_BLOCKS = YES;
				GCC_OPTIMIZATION_LEVEL = 0;
				GCC_PREPROCESSOR_DEFINITIONS = (
					"DEBUG=1",
					"$(inherited)",
				);
				GCC_WARN_64_TO_32_BIT_CONVERSION = YES;
				GCC_WARN_ABOUT_RETURN_TYPE = YES_ERROR;
				GCC_WARN_UNDECLARED_SELECTOR = YES;
				GCC_WARN_UNINITIALIZED_AUTOS = YES_AGGRESSIVE;
				GCC_WARN_UNUSED_FUNCTION = YES;
				GCC_WARN_UNUSED_VARIABLE = YES;
				IPHONEOS_DEPLOYMENT_TARGET = 15.2;
				MTL_ENABLE_DEBUG_INFO = INCLUDE_SOURCE;
				MTL_FAST_MATH = YES;
				ONLY_ACTIVE_ARCH = YES;
				SDKROOT = iphoneos;
				SWIFT_ACTIVE_COMPILATION_CONDITIONS = DEBUG;
				SWIFT_OPTIMIZATION_LEVEL = "-Onone";
			};
			name = Debug;
		};
		C38624072785F8B6004ACA09 /* Release */ = {
			isa = XCBuildConfiguration;
			buildSettings = {
				ALWAYS_SEARCH_USER_PATHS = NO;
				CLANG_ANALYZER_NONNULL = YES;
				CLANG_ANALYZER_NUMBER_OBJECT_CONVERSION = YES_AGGRESSIVE;
				CLANG_CXX_LANGUAGE_STANDARD = "gnu++17";
				CLANG_CXX_LIBRARY = "libc++";
				CLANG_ENABLE_MODULES = YES;
				CLANG_ENABLE_OBJC_ARC = YES;
				CLANG_ENABLE_OBJC_WEAK = YES;
				CLANG_WARN_BLOCK_CAPTURE_AUTORELEASING = YES;
				CLANG_WARN_BOOL_CONVERSION = YES;
				CLANG_WARN_COMMA = YES;
				CLANG_WARN_CONSTANT_CONVERSION = YES;
				CLANG_WARN_DEPRECATED_OBJC_IMPLEMENTATIONS = YES;
				CLANG_WARN_DIRECT_OBJC_ISA_USAGE = YES_ERROR;
				CLANG_WARN_DOCUMENTATION_COMMENTS = YES;
				CLANG_WARN_EMPTY_BODY = YES;
				CLANG_WARN_ENUM_CONVERSION = YES;
				CLANG_WARN_INFINITE_RECURSION = YES;
				CLANG_WARN_INT_CONVERSION = YES;
				CLANG_WARN_NON_LITERAL_NULL_CONVERSION = YES;
				CLANG_WARN_OBJC_IMPLICIT_RETAIN_SELF = YES;
				CLANG_WARN_OBJC_LITERAL_CONVERSION = YES;
				CLANG_WARN_OBJC_ROOT_CLASS = YES_ERROR;
				CLANG_WARN_QUOTED_INCLUDE_IN_FRAMEWORK_HEADER = YES;
				CLANG_WARN_RANGE_LOOP_ANALYSIS = YES;
				CLANG_WARN_STRICT_PROTOTYPES = YES;
				CLANG_WARN_SUSPICIOUS_MOVE = YES;
				CLANG_WARN_UNGUARDED_AVAILABILITY = YES_AGGRESSIVE;
				CLANG_WARN_UNREACHABLE_CODE = YES;
				CLANG_WARN__DUPLICATE_METHOD_MATCH = YES;
				COPY_PHASE_STRIP = NO;
				DEBUG_INFORMATION_FORMAT = "dwarf-with-dsym";
				ENABLE_NS_ASSERTIONS = NO;
				ENABLE_STRICT_OBJC_MSGSEND = YES;
				GCC_C_LANGUAGE_STANDARD = gnu11;
				GCC_NO_COMMON_BLOCKS = YES;
				GCC_WARN_64_TO_32_BIT_CONVERSION = YES;
				GCC_WARN_ABOUT_RETURN_TYPE = YES_ERROR;
				GCC_WARN_UNDECLARED_SELECTOR = YES;
				GCC_WARN_UNINITIALIZED_AUTOS = YES_AGGRESSIVE;
				GCC_WARN_UNUSED_FUNCTION = YES;
				GCC_WARN_UNUSED_VARIABLE = YES;
				IPHONEOS_DEPLOYMENT_TARGET = 15.2;
				MTL_ENABLE_DEBUG_INFO = NO;
				MTL_FAST_MATH = YES;
				SDKROOT = iphoneos;
				SWIFT_COMPILATION_MODE = wholemodule;
				SWIFT_OPTIMIZATION_LEVEL = "-O";
				VALIDATE_PRODUCT = YES;
			};
			name = Release;
		};
		C38624092785F8B6004ACA09 /* Debug */ = {
			isa = XCBuildConfiguration;
			buildSettings = {
				ASSETCATALOG_COMPILER_APPICON_NAME = AppIcon;
				ASSETCATALOG_COMPILER_GLOBAL_ACCENT_COLOR_NAME = AccentColor;
				CODE_SIGN_ENTITLEMENTS = chat/chat.entitlements;
				CODE_SIGN_STYLE = Automatic;
				CURRENT_PROJECT_VERSION = 1;
				GENERATE_INFOPLIST_FILE = YES;
				INFOPLIST_FILE = chat/Info.plist;
				INFOPLIST_KEY_UIApplicationSupportsIndirectInputEvents = YES;
				INFOPLIST_KEY_UILaunchStoryboardName = LaunchScreen;
				INFOPLIST_KEY_UIMainStoryboardFile = Main;
				INFOPLIST_KEY_UISupportedInterfaceOrientations = UIInterfaceOrientationPortrait;
				INFOPLIST_KEY_UISupportedInterfaceOrientations_iPad = "UIInterfaceOrientationPortrait UIInterfaceOrientationPortraitUpsideDown UIInterfaceOrientationLandscapeLeft UIInterfaceOrientationLandscapeRight";
				INFOPLIST_KEY_UISupportedInterfaceOrientations_iPhone = "UIInterfaceOrientationPortrait UIInterfaceOrientationLandscapeLeft UIInterfaceOrientationLandscapeRight";
				IPHONEOS_DEPLOYMENT_TARGET = 13.0;
				LD_RUNPATH_SEARCH_PATHS = (
					"$(inherited)",
					"@executable_path/Frameworks",
				);
				MARKETING_VERSION = 1.0;
				PRODUCT_BUNDLE_IDENTIFIER = anhar.chat;
				PRODUCT_NAME = "$(TARGET_NAME)";
				SWIFT_EMIT_LOC_STRINGS = YES;
				SWIFT_VERSION = 5.0;
				TARGETED_DEVICE_FAMILY = "1,2";
			};
			name = Debug;
		};
		C386240A2785F8B6004ACA09 /* Release */ = {
			isa = XCBuildConfiguration;
			buildSettings = {
				ASSETCATALOG_COMPILER_APPICON_NAME = AppIcon;
				ASSETCATALOG_COMPILER_GLOBAL_ACCENT_COLOR_NAME = AccentColor;
				CODE_SIGN_ENTITLEMENTS = chat/chat.entitlements;
				CODE_SIGN_STYLE = Automatic;
				CURRENT_PROJECT_VERSION = 1;
				GENERATE_INFOPLIST_FILE = YES;
				INFOPLIST_FILE = chat/Info.plist;
				INFOPLIST_KEY_UIApplicationSupportsIndirectInputEvents = YES;
				INFOPLIST_KEY_UILaunchStoryboardName = LaunchScreen;
				INFOPLIST_KEY_UIMainStoryboardFile = Main;
				INFOPLIST_KEY_UISupportedInterfaceOrientations = UIInterfaceOrientationPortrait;
				INFOPLIST_KEY_UISupportedInterfaceOrientations_iPad = "UIInterfaceOrientationPortrait UIInterfaceOrientationPortraitUpsideDown UIInterfaceOrientationLandscapeLeft UIInterfaceOrientationLandscapeRight";
				INFOPLIST_KEY_UISupportedInterfaceOrientations_iPhone = "UIInterfaceOrientationPortrait UIInterfaceOrientationLandscapeLeft UIInterfaceOrientationLandscapeRight";
				IPHONEOS_DEPLOYMENT_TARGET = 13.0;
				LD_RUNPATH_SEARCH_PATHS = (
					"$(inherited)",
					"@executable_path/Frameworks",
				);
				MARKETING_VERSION = 1.0;
				PRODUCT_BUNDLE_IDENTIFIER = anhar.chat;
				PRODUCT_NAME = "$(TARGET_NAME)";
				SWIFT_EMIT_LOC_STRINGS = YES;
				SWIFT_VERSION = 5.0;
				TARGETED_DEVICE_FAMILY = "1,2";
			};
			name = Release;
		};
/* End XCBuildConfiguration section */

/* Begin XCConfigurationList section */
		C38623EC2785F8B2004ACA09 /* Build configuration list for PBXProject "chat" */ = {
			isa = XCConfigurationList;
			buildConfigurations = (
				C38624062785F8B6004ACA09 /* Debug */,
				C38624072785F8B6004ACA09 /* Release */,
			);
			defaultConfigurationIsVisible = 0;
			defaultConfigurationName = Release;
		};
		C38624082785F8B6004ACA09 /* Build configuration list for PBXNativeTarget "chat" */ = {
			isa = XCConfigurationList;
			buildConfigurations = (
				C38624092785F8B6004ACA09 /* Debug */,
				C386240A2785F8B6004ACA09 /* Release */,
			);
			defaultConfigurationIsVisible = 0;
			defaultConfigurationName = Release;
		};
/* End XCConfigurationList section */

/* Begin XCRemoteSwiftPackageReference section */
		C386242A2785FB59004ACA09 /* XCRemoteSwiftPackageReference "MessageKit" */ = {
			isa = XCRemoteSwiftPackageReference;
			repositoryURL = "https://github.com/MessageKit/MessageKit";
			requirement = {
				branch = master;
				kind = branch;
			};
		};
		C386242D2785FBCA004ACA09 /* XCRemoteSwiftPackageReference "JGProgressHUD" */ = {
			isa = XCRemoteSwiftPackageReference;
			repositoryURL = "https://github.com/JonasGessner/JGProgressHUD";
			requirement = {
				branch = master;
				kind = branch;
			};
		};
		C38624302785FC22004ACA09 /* XCRemoteSwiftPackageReference "realm-swift" */ = {
			isa = XCRemoteSwiftPackageReference;
			repositoryURL = "https://github.com/realm/realm-swift";
			requirement = {
				branch = master;
				kind = branch;
			};
		};
		C38624352785FC96004ACA09 /* XCRemoteSwiftPackageReference "SDWebImage" */ = {
			isa = XCRemoteSwiftPackageReference;
			repositoryURL = "https://github.com/SDWebImage/SDWebImage";
			requirement = {
				branch = master;
				kind = branch;
			};
		};
		C3AA872A278877C60041C300 /* XCRemoteSwiftPackageReference "gtm-session-fetcher" */ = {
			isa = XCRemoteSwiftPackageReference;
			repositoryURL = "https://github.com/google/gtm-session-fetcher";
			requirement = {
				branch = main;
				kind = branch;
			};
		};
		C3AA87352788C4F90041C300 /* XCRemoteSwiftPackageReference "firebase-ios-sdk" */ = {
			isa = XCRemoteSwiftPackageReference;
			repositoryURL = "https://github.com/firebase/firebase-ios-sdk";
			requirement = {
				branch = master;
				kind = branch;
			};
		};
		C3AA87732789B42E0041C300 /* XCRemoteSwiftPackageReference "ProgressHUD" */ = {
			isa = XCRemoteSwiftPackageReference;
			repositoryURL = "https://github.com/relatedcode/ProgressHUD";
			requirement = {
				kind = upToNextMajorVersion;
				minimumVersion = 13.0.0;
			};
		};
/* End XCRemoteSwiftPackageReference section */

/* Begin XCSwiftPackageProductDependency section */
		C386242B2785FB59004ACA09 /* MessageKit */ = {
			isa = XCSwiftPackageProductDependency;
			package = C386242A2785FB59004ACA09 /* XCRemoteSwiftPackageReference "MessageKit" */;
			productName = MessageKit;
		};
		C386242E2785FBCB004ACA09 /* JGProgressHUD */ = {
			isa = XCSwiftPackageProductDependency;
			package = C386242D2785FBCA004ACA09 /* XCRemoteSwiftPackageReference "JGProgressHUD" */;
			productName = JGProgressHUD;
		};
		C38624312785FC22004ACA09 /* Realm */ = {
			isa = XCSwiftPackageProductDependency;
			package = C38624302785FC22004ACA09 /* XCRemoteSwiftPackageReference "realm-swift" */;
			productName = Realm;
		};
		C38624332785FC22004ACA09 /* RealmSwift */ = {
			isa = XCSwiftPackageProductDependency;
			package = C38624302785FC22004ACA09 /* XCRemoteSwiftPackageReference "realm-swift" */;
			productName = RealmSwift;
		};
		C38624362785FC96004ACA09 /* SDWebImage */ = {
			isa = XCSwiftPackageProductDependency;
			package = C38624352785FC96004ACA09 /* XCRemoteSwiftPackageReference "SDWebImage" */;
			productName = SDWebImage;
		};
		C38624382785FC96004ACA09 /* SDWebImageMapKit */ = {
			isa = XCSwiftPackageProductDependency;
			package = C38624352785FC96004ACA09 /* XCRemoteSwiftPackageReference "SDWebImage" */;
			productName = SDWebImageMapKit;
		};
		C3AA872B278877C60041C300 /* GTMSessionFetcher */ = {
			isa = XCSwiftPackageProductDependency;
			package = C3AA872A278877C60041C300 /* XCRemoteSwiftPackageReference "gtm-session-fetcher" */;
			productName = GTMSessionFetcher;
		};
		C3AA872D278877C60041C300 /* GTMSessionFetcherCore */ = {
			isa = XCSwiftPackageProductDependency;
			package = C3AA872A278877C60041C300 /* XCRemoteSwiftPackageReference "gtm-session-fetcher" */;
			productName = GTMSessionFetcherCore;
		};
		C3AA872F278877C60041C300 /* GTMSessionFetcherFull */ = {
			isa = XCSwiftPackageProductDependency;
			package = C3AA872A278877C60041C300 /* XCRemoteSwiftPackageReference "gtm-session-fetcher" */;
			productName = GTMSessionFetcherFull;
		};
		C3AA8731278877C60041C300 /* GTMSessionFetcherLogView */ = {
			isa = XCSwiftPackageProductDependency;
			package = C3AA872A278877C60041C300 /* XCRemoteSwiftPackageReference "gtm-session-fetcher" */;
			productName = GTMSessionFetcherLogView;
		};
		C3AA87362788C4F90041C300 /* FirebaseAnalytics */ = {
			isa = XCSwiftPackageProductDependency;
			package = C3AA87352788C4F90041C300 /* XCRemoteSwiftPackageReference "firebase-ios-sdk" */;
			productName = FirebaseAnalytics;
		};
		C3AA87382788C4F90041C300 /* FirebaseAnalyticsSwift-Beta */ = {
			isa = XCSwiftPackageProductDependency;
			package = C3AA87352788C4F90041C300 /* XCRemoteSwiftPackageReference "firebase-ios-sdk" */;
			productName = "FirebaseAnalyticsSwift-Beta";
		};
		C3AA873A2788C4F90041C300 /* FirebaseAnalyticsWithoutAdIdSupport */ = {
			isa = XCSwiftPackageProductDependency;
			package = C3AA87352788C4F90041C300 /* XCRemoteSwiftPackageReference "firebase-ios-sdk" */;
			productName = FirebaseAnalyticsWithoutAdIdSupport;
		};
		C3AA873C2788C4F90041C300 /* FirebaseAppCheck */ = {
			isa = XCSwiftPackageProductDependency;
			package = C3AA87352788C4F90041C300 /* XCRemoteSwiftPackageReference "firebase-ios-sdk" */;
			productName = FirebaseAppCheck;
		};
		C3AA873E2788C4F90041C300 /* FirebaseAppDistribution-Beta */ = {
			isa = XCSwiftPackageProductDependency;
			package = C3AA87352788C4F90041C300 /* XCRemoteSwiftPackageReference "firebase-ios-sdk" */;
			productName = "FirebaseAppDistribution-Beta";
		};
		C3AA87402788C4F90041C300 /* FirebaseAuth */ = {
			isa = XCSwiftPackageProductDependency;
			package = C3AA87352788C4F90041C300 /* XCRemoteSwiftPackageReference "firebase-ios-sdk" */;
			productName = FirebaseAuth;
		};
		C3AA87422788C4F90041C300 /* FirebaseAuthCombine-Community */ = {
			isa = XCSwiftPackageProductDependency;
			package = C3AA87352788C4F90041C300 /* XCRemoteSwiftPackageReference "firebase-ios-sdk" */;
			productName = "FirebaseAuthCombine-Community";
		};
		C3AA87442788C4F90041C300 /* FirebaseCrashlytics */ = {
			isa = XCSwiftPackageProductDependency;
			package = C3AA87352788C4F90041C300 /* XCRemoteSwiftPackageReference "firebase-ios-sdk" */;
			productName = FirebaseCrashlytics;
		};
		C3AA87462788C4F90041C300 /* FirebaseDatabase */ = {
			isa = XCSwiftPackageProductDependency;
			package = C3AA87352788C4F90041C300 /* XCRemoteSwiftPackageReference "firebase-ios-sdk" */;
			productName = FirebaseDatabase;
		};
		C3AA87482788C4F90041C300 /* FirebaseDatabaseSwift-Beta */ = {
			isa = XCSwiftPackageProductDependency;
			package = C3AA87352788C4F90041C300 /* XCRemoteSwiftPackageReference "firebase-ios-sdk" */;
			productName = "FirebaseDatabaseSwift-Beta";
		};
		C3AA874A2788C4F90041C300 /* FirebaseDynamicLinks */ = {
			isa = XCSwiftPackageProductDependency;
			package = C3AA87352788C4F90041C300 /* XCRemoteSwiftPackageReference "firebase-ios-sdk" */;
			productName = FirebaseDynamicLinks;
		};
		C3AA874C2788C4F90041C300 /* FirebaseFirestore */ = {
			isa = XCSwiftPackageProductDependency;
			package = C3AA87352788C4F90041C300 /* XCRemoteSwiftPackageReference "firebase-ios-sdk" */;
			productName = FirebaseFirestore;
		};
		C3AA874E2788C4F90041C300 /* FirebaseFirestoreCombine-Community */ = {
			isa = XCSwiftPackageProductDependency;
			package = C3AA87352788C4F90041C300 /* XCRemoteSwiftPackageReference "firebase-ios-sdk" */;
			productName = "FirebaseFirestoreCombine-Community";
		};
		C3AA87502788C4F90041C300 /* FirebaseFirestoreSwift-Beta */ = {
			isa = XCSwiftPackageProductDependency;
			package = C3AA87352788C4F90041C300 /* XCRemoteSwiftPackageReference "firebase-ios-sdk" */;
			productName = "FirebaseFirestoreSwift-Beta";
		};
		C3AA87522788C4F90041C300 /* FirebaseFunctions */ = {
			isa = XCSwiftPackageProductDependency;
			package = C3AA87352788C4F90041C300 /* XCRemoteSwiftPackageReference "firebase-ios-sdk" */;
			productName = FirebaseFunctions;
		};
		C3AA87542788C4F90041C300 /* FirebaseFunctionsCombine-Community */ = {
			isa = XCSwiftPackageProductDependency;
			package = C3AA87352788C4F90041C300 /* XCRemoteSwiftPackageReference "firebase-ios-sdk" */;
			productName = "FirebaseFunctionsCombine-Community";
		};
		C3AA87562788C4F90041C300 /* FirebaseFunctionsSwift-Beta */ = {
			isa = XCSwiftPackageProductDependency;
			package = C3AA87352788C4F90041C300 /* XCRemoteSwiftPackageReference "firebase-ios-sdk" */;
			productName = "FirebaseFunctionsSwift-Beta";
		};
		C3AA87582788C4F90041C300 /* FirebaseInAppMessaging-Beta */ = {
			isa = XCSwiftPackageProductDependency;
			package = C3AA87352788C4F90041C300 /* XCRemoteSwiftPackageReference "firebase-ios-sdk" */;
			productName = "FirebaseInAppMessaging-Beta";
		};
		C3AA875A2788C4F90041C300 /* FirebaseInAppMessagingSwift-Beta */ = {
			isa = XCSwiftPackageProductDependency;
			package = C3AA87352788C4F90041C300 /* XCRemoteSwiftPackageReference "firebase-ios-sdk" */;
			productName = "FirebaseInAppMessagingSwift-Beta";
		};
		C3AA875C2788C4F90041C300 /* FirebaseInstallations */ = {
			isa = XCSwiftPackageProductDependency;
			package = C3AA87352788C4F90041C300 /* XCRemoteSwiftPackageReference "firebase-ios-sdk" */;
			productName = FirebaseInstallations;
		};
		C3AA875E2788C4F90041C300 /* FirebaseMLModelDownloader */ = {
			isa = XCSwiftPackageProductDependency;
			package = C3AA87352788C4F90041C300 /* XCRemoteSwiftPackageReference "firebase-ios-sdk" */;
			productName = FirebaseMLModelDownloader;
		};
		C3AA87602788C4F90041C300 /* FirebaseMessaging */ = {
			isa = XCSwiftPackageProductDependency;
			package = C3AA87352788C4F90041C300 /* XCRemoteSwiftPackageReference "firebase-ios-sdk" */;
			productName = FirebaseMessaging;
		};
		C3AA87622788C4F90041C300 /* FirebasePerformance */ = {
			isa = XCSwiftPackageProductDependency;
			package = C3AA87352788C4F90041C300 /* XCRemoteSwiftPackageReference "firebase-ios-sdk" */;
			productName = FirebasePerformance;
		};
		C3AA87642788C4F90041C300 /* FirebaseRemoteConfig */ = {
			isa = XCSwiftPackageProductDependency;
			package = C3AA87352788C4F90041C300 /* XCRemoteSwiftPackageReference "firebase-ios-sdk" */;
			productName = FirebaseRemoteConfig;
		};
		C3AA87662788C4F90041C300 /* FirebaseStorage */ = {
			isa = XCSwiftPackageProductDependency;
			package = C3AA87352788C4F90041C300 /* XCRemoteSwiftPackageReference "firebase-ios-sdk" */;
			productName = FirebaseStorage;
		};
		C3AA87682788C4F90041C300 /* FirebaseStorageCombine-Community */ = {
			isa = XCSwiftPackageProductDependency;
			package = C3AA87352788C4F90041C300 /* XCRemoteSwiftPackageReference "firebase-ios-sdk" */;
			productName = "FirebaseStorageCombine-Community";
		};
		C3AA876A2788C4F90041C300 /* FirebaseStorageSwift-Beta */ = {
			isa = XCSwiftPackageProductDependency;
			package = C3AA87352788C4F90041C300 /* XCRemoteSwiftPackageReference "firebase-ios-sdk" */;
			productName = "FirebaseStorageSwift-Beta";
		};
		C3AA87742789B42F0041C300 /* ProgressHUD */ = {
			isa = XCSwiftPackageProductDependency;
			package = C3AA87732789B42E0041C300 /* XCRemoteSwiftPackageReference "ProgressHUD" */;
			productName = ProgressHUD;
		};
/* End XCSwiftPackageProductDependency section */

/* Begin XCVersionGroup section */
		C38623FD2785F8B2004ACA09 /* chat.xcdatamodeld */ = {
			isa = XCVersionGroup;
			children = (
				C38623FE2785F8B2004ACA09 /* chat.xcdatamodel */,
			);
			currentVersion = C38623FE2785F8B2004ACA09 /* chat.xcdatamodel */;
			path = chat.xcdatamodeld;
			sourceTree = "<group>";
			versionGroupType = wrapper.xcdatamodel;
		};
/* End XCVersionGroup section */
	};
	rootObject = C38623E92785F8B2004ACA09 /* Project object */;
}
